
Microsoft Visual Studio Solution File, Format Version 12.00
# Visual Studio 15
VisualStudioVersion = 15.0.27428.2005
MinimumVisualStudioVersion = 10.0.40219.1
Project("{FAE04EC0-301F-11D3-BF4B-00C04F79EFBC}") = "SynchronizedContextTest", "SynchronizedContextTest\SynchronizedContextTest.csproj", "{4167B800-5E06-4108-BB2E-DF04F18E5F3D}"
EndProject
Global
	GlobalSection(SolutionConfigurationPlatforms) = preSolution
		Debug|Any CPU = Debug|Any CPU
		Release|Any CPU = Release|Any CPU
	EndGlobalSection
	GlobalSection(ProjectConfigurationPlatforms) = postSolution
		{4167B800-5E06-4108-BB2E-DF04F18E5F3D}.Debug|Any CPU.ActiveCfg = Debug|Any CPU
		{4167B800-5E06-4108-BB2E-DF04F18E5F3D}.Debug|Any CPU.Build.0 = Debug|Any CPU
		{4167B800-5E06-4108-BB2E-DF04F18E5F3D}.Release|Any CPU.ActiveCfg = Release|Any CPU
		{4167B800-5E06-4108-BB2E-DF04F18E5F3D}.Release|Any CPU.Build.0 = Release|Any CPU
	EndGlobalSection
	GlobalSection(SolutionProperties) = preSolution
		HideSolutionNode = FALSE
	EndGlobalSection
	GlobalSection(ExtensibilityGlobals) = postSolution
		SolutionGuid = {1C282271-CC68-4768-B89B-6D1731D3FD0C}
	EndGlobalSection
EndGlobal
